YªçŠx-®éÜj×¢ëiºÚ+Š§j[h‘éÜ¢éí×®¸çDèµ©hºÚn¶X§zÍ^Âˆ›˜[YHŽˆžZ\ZKXÚ^›ÝH‹ˆ™\œÚ[ÛˆŽˆŒŒKŒ‹ˆ›ØÚÙš[U™\œÚ[ÛˆŽˆËˆœ™\]Z\™\ÈŽˆYKˆœXÚØYÙ\ÈŽˆÂˆˆŽˆÂˆ›˜[YHŽˆžZ\ZKXÚ^›ÝH‹ˆ™\œÚ[ÛˆŽˆŒŒKŒ‹ˆ™\[™[˜ÚY\ÈŽˆÂˆ˜\ÙK]ZKÜ™XXÝŽˆ—ŒKËŒ‹ˆÛÚÙ›Ü›KÜ™\ÛÛ™\œÈŽˆ—KËŒH‹ˆÚYÛ‹Ü™XXÝŽˆ—ŒŒËŒ‹ˆ˜Û\ÜË]˜\šX[˜ÙKX]]Üš]HŽˆŒËŒH‹ˆ˜ÛÞŽˆŒ‹ŒKŒH‹ˆ˜ÛYÈŽˆ—ŒKŒKŒH‹ˆ™]KY›œÈŽˆ—Œ‹ˆ™š^ž›K[Ü›HŽˆŒKŒˆ‹ˆ™[X›KXØ\›Ý\Ù[\™XXÝŽˆ—Ž‹Œ‹ˆš[œ][ÝŽˆ—ŒKŒˆ‹ˆ›XÚYK\™XXÝŽˆ—ŒKŒÌKŒ‹ˆ›™^ŽˆŒM‹ŒË‹ˆ›™^][Y\ÈŽˆ—Œˆ‹ˆœ˜Y^]ZHŽˆ—ŒK‹È‹ˆœ™XXÝŽˆŒNKŒ‹ˆ‹ˆœ™XXÝY^K\XÚÙ\ˆŽˆ—ŒLŒŒH‹ˆœ™XXÝYÛHŽˆŒNKŒ‹ˆ‹ˆœ™XXÝZÛÚËY›Ü›HŽˆ—ËŽKŒ‹ˆœ™XXÝ\™\Ú^˜X›K\[™[ÈŽˆ—ŒL‹Œˆ‹ˆœ™XÚ\ÈŽˆ—ŒËŽŒ‹ˆœÛÛ›™\ˆŽˆ—Œ‹ŒŽ‹ˆZ[Ú[™[Y\™ÙHŽˆŒË‹Œ‹ˆ˜][Žˆ—ŒKŒKŒˆ‹ˆž›ÙŽˆ—ŒËŒKÍˆ‚ˆKˆ™]‘\[™[˜ÚY\ÈŽˆÂˆÛÝY›\™KÝš]K\YÚ[ˆŽˆŒKŒÍËŒH‹ˆÛÝY›\™KÝÛÜšÙ\œË]\\ÈŽˆŒŒŒLMKŒH‹ˆZ[Ú[™ÜÜËÜÜÝÜÜÈŽˆŒ‹ŒH‹ˆ\\ËÛ›ÙHŽˆŒŒ‹ŒNKŒNH‹ˆ\\ËÜ™XXÝŽˆŒNKŒ‹ŒM‹ˆ\\ËÜ™XXÝYÛHŽˆŒNKŒ‹ŒÈ‹ˆš]ZœËÜYÚ[‹\™XXÝŽˆ‹ŒŒˆ‹ˆš]ZœËÜYÚ[‹\œØÈŽˆŒKŒˆ‹ˆ™š^ž›KZÚ]ŽˆŒŒÌKŒL‹ˆ™\Û[ŽˆŽKŒÎK‹ˆ™\Û[XÛÛ™šYË[™^ŽˆŒM‹ŒË‹ˆœ™XXÝ\Ù\™\‹YÛK]ÙXœXÚÈŽˆŒNKŒ‹ˆ‹ˆZ[Ú[™ÜÜÈŽˆŒ‹ŒH‹ˆËX[š[X]KXÜÜÈŽˆ—ŒKŒ‹ˆ\\ØÜš\ŽˆKŽKŒÈ‹ˆš[™^ŽˆŒKŒŒX™]KH‹ˆš]HŽˆŽŒŒLÈ‹ˆÜ˜[™Û\ˆŽˆŽL‹Œ‚ˆKˆ™[™Ú[™\ÈŽˆÂˆ››ÙHŽˆLŒ‹ŒLËŒ‚ˆKˆ›XÙ[œÙHŽˆ“RU‚ˆKˆ››ÙWÛ[Ù[\ËÐ[ØËÜ]ZXÚË[HŽˆÂˆ™\œÚ[ÛˆŽˆKŒ‹Œ‹ˆœ™\ÛÛ™YŽˆšÎ‹ËÜ™YÚ\ÝžK›œZœË›Ü™ËÐ[ØËÜ]ZXÚË[KËKÜ]ZXÚË[KMKŒ‹ŒÞˆ‹ˆš[YÜš]HŽˆœÚMLL‹U\˜ÐPŠÍ•\‘PØ›UP‘\–Ý˜œÕKÕÕ•Ù›X™Ò™˜šÝÚP^šTÎYÞÑ^]ZYXÙ™ÔNZ™ÛUÍšTÌÊÞUÒÓÏOH‹ˆ™]ˆŽˆYKˆ›XÙ[œÙHŽˆ“RU‹ˆ™[™Ú[™\ÈŽˆÂˆ››ÙHŽˆLL‚ˆKˆ™[™[™ÈŽˆÂˆ\›ŽˆšÎ‹ËÙÚ]X‹˜ÛÛKÜÜÛœÛÜœËÜÚ[™™\ÛÜš\È‚ˆBˆKˆ››ÙWÛ[Ù[\ËÐ˜X™[ØÛÙKYœ˜[YHŽˆÂˆ™\œÚ[ÛˆŽˆËŒŽKŒ‹ˆœ™\ÛÛ™YŽˆšÎ‹ËÜ™YÚ\ÝžK›œZœË›Ü™ËÐ˜X™[ØÛÙKYœ˜[YKËKØÛÙKYœ˜[YKMËŒŽKŒÞˆ‹ˆš[YÜš]HŽˆœÚMLL‹NSšÙVZœNJÌÝ^ÙŒÚR–“Œ™PÝ‘ÜžSQ–ŒRÝŒØÕÕS˜‘ÚÕ]˜ÕÞ’ÑÔ˜ÝÍšÓMš’“YÓÝØ˜ÝÏOH‹ˆ™]ˆŽˆYKˆ›XÙ[œÙHŽˆ“RU‹ˆ™\[™[˜ÚY\ÈŽˆÂˆ˜X™[Ú[\‹]˜[Y]Ü‹ZY[YšY\ˆŽˆ—ËŒŽH‹ˆšœË]ÚÙ[œÈŽˆ—ŒŒ‹ˆœXÛØÛÛÜœÈŽˆ—ŒKŒKŒH‚ˆKˆ™[™Ú[™\ÈŽˆÂˆ››ÙHŽˆM‹ŽKŒ‚ˆBˆKˆ››ÙWÛ[Ù[\ËÐ˜X™[ØÛÛ\]Y]HŽˆÂˆ™\œÚ[ÛˆŽˆËŒŽKŒÈ‹ˆœ™\ÛÛ™YŽˆšÎ‹ËÜ™YÚ\ÝžK›œZœË›Ü™ËÐ˜X™[ØÛÛ\]Y]KËKØÛÛ\]Y]KMËŒŽKŒËÞˆ‹ˆš[YÜš]HŽˆœÚMLL‹SUœSMž”UÖšŒMÜPNØ•ËÚ^ŒžLSÊÜŒY]PUÙõëŽ9ÒÚ$z{-®éÜj×œY\‘\[™[˜ÚY\ÓY]HŽˆÂˆ˜Y™™\][ŽˆÂˆ›Ü[Û˜[ŽˆYBˆKˆ]‹N]˜[Y]HŽˆÂˆ›Ü[Û˜[ŽˆYBˆBˆBˆKˆ››ÙWÛ[Ù[\ËÞX[\ÝŽˆÂˆ™\œÚ[ÛˆŽˆŒËŒKŒH‹ˆœ™\ÛÛ™YŽˆšÎ‹ËÜ™YÚ\ÝžK›œZœË›Ü™ËÞX[\ÝËKÞX[\ÝLËŒKŒKÞˆ‹ˆš[YÜš]HŽˆœÚMLL‹XMQÔXUÔN[SÖV[QÌ™]Û˜ÔTÍMÕŒÒ›ÐSJÜÌ•‘[TÎSœÒÎÜSÒÜÑ•ÚÒÍ•ÛÕS›ŒœÔ›ÖÏOH‹ˆ™]ˆŽˆYKˆ›XÙ[œÙHŽˆ’TÐÈ‚ˆKˆ››ÙWÛ[Ù[\ËÞ[ØÝË\]Y]YHŽˆÂˆ™\œÚ[ÛˆŽˆŒŒKŒ‹ˆœ™\ÛÛ™YŽˆšÎ‹ËÜ™YÚ\ÝžK›œZœË›Ü™ËÞ[ØÝË\]Y]YKËKÞ[ØÝË\]Y]YKLŒKŒÞˆ‹ˆš[YÜš]HŽˆœÚMLL‹\•šÜÝœÛ“Ù‹ÛÚØÍžÔÞSŽZPÞÚSN^QKÝÛSÕœR™]ÔSÌ[ZSZT™ÕÐÓ^YPQ•˜YÝÍÒS–Œ”OOH‹ˆ™]ˆŽˆYKˆ›XÙ[œÙHŽˆ“RU‹ˆ™[™Ú[™\ÈŽˆÂˆ››ÙHŽˆLL‚ˆKˆ™[™[™ÈŽˆÂˆ\›ŽˆšÎ‹ËÙÚ]X‹˜ÛÛKÜÜÛœÛÜœËÜÚ[™™\ÛÜš\È‚ˆBˆKˆ››ÙWÛ[Ù[\ËÞ[ÙØK[^[Ý]ŽˆÂˆ™\œÚ[ÛˆŽˆŒËŒ‹ŒH‹ˆœ™\ÛÛ™YŽˆšÎ‹ËÜ™YÚ\ÝžK›œZœË›Ü™ËÞ[ÙØK[^[Ý]ËKÞ[ÙØK[^[Ý]LËŒ‹ŒKÞˆ‹ˆš[YÜš]HŽˆœÚMLL‹LÝÐ^ÜSY–LÒ]ÝÎ’RÜMÕ˜TVXPNÞÙÝ[™ÊÜUžRÔ–YØŽÙŒ“šØ’RØšÒÕY›LÝ^]ÔOOH‹ˆ™]ˆŽˆYKˆ›XÙ[œÙHŽˆ“RU‚ˆKˆ››ÙWÛ[Ù[\ËÞ[ÝXÚŽˆÂˆ™\œÚ[ÛˆŽˆŒKŒX™]KŒL‹ˆœ™\ÛÛ™YŽˆšÎ‹ËÜ™YÚ\ÝžK›œZœË›Ü™ËÞ[ÝXÚËKÞ[ÝXÚMŒKŒX™]KŒLÞˆ‹ˆš[YÜš]HŽˆœÚMLL‹\“•“™Ô[™QŒŒ[ÙÕ–›RÚ˜ÒžV›TÍN“\KÑXLØÓ”MŒœ“USÊÝUœÝÞŒÖ‘•S’Q’‹Ð–OOH‹ˆ™]ˆŽˆYKˆ›XÙ[œÙHŽˆ“RU‹ˆ™\[™[˜ÚY\ÈŽˆÂˆÜ[œÜËØÛÛÜœÈŽˆ—ŒKH‹ˆÜ[œÜËÙ[\\ˆŽˆ—Œ‹‹ˆÜYYZYÚYÚØÛÜ™HŽˆ—ŒKŒ‹È‹ˆ˜ÛÛÚÚYHŽˆ—ŒKŒŒˆ‹ˆž[ÝXÚXÛÜ™HŽˆ—ŒŒËŒÈ‚ˆBˆKˆ››ÙWÛ[Ù[\ËÞ[ÝXÚXÛÜ™HŽˆÂˆ™\œÚ[ÛˆŽˆŒŒËŒÈ‹ˆœ™\ÛÛ™YŽˆšÎ‹ËÜ™YÚ\ÝžK›œZœË›Ü™ËÞ[ÝXÚXÛÜ™KËKÞ[ÝXÚXÛÜ™KLŒËŒËÞˆ‹ˆš[YÜš]HŽˆœÚMLL‹ZÍÖQÚ“RŒšÒÒÎQ›œÕQÞL–M]QTÕLQšÒÍÛÜRÝUULPQ˜“ÓÞM\ÎYŒ•ÖXœÛ^ŒÍPœ]ÜOOH‹ˆ™]ˆŽˆYKˆ›XÙ[œÙHŽˆ“RU‹ˆ™\[™[˜ÚY\ÈŽˆÂˆÜ[œÜËÙ^Ù\[ÛˆŽˆ—ŒKŒ‹Œˆ‹ˆ™\œ›Ü‹\ÝXÚË\\œÙ\‹Y\ÈŽˆ—ŒKŒH‚ˆBˆKˆ››ÙWÛ[Ù[\ËÞ›ÙŽˆÂˆ™\œÚ[ÛˆŽˆŒËŒKÍˆ‹ˆœ™\ÛÛ™YŽˆšÎ‹ËÜ™YÚ\ÝžK›œZœË›Ü™ËÞ›ÙËKÞ›ÙLËŒKÍ‹Þˆ‹ˆš[YÜš]HŽˆœÚMLL‹YÞ•]Ü][–Ñ‘ÒÒQ˜ÐÌÖ[™‘P^SšÝ[Ù›‘P”ÔÑ”Ì˜˜ÖMYXLQ’U]Ø“ÞÔÙ\ÍT[Ø]Z’ØÓ”^ÔOOH‹ˆ›XÙ[œÙHŽˆ“RU‹ˆ™[™[™ÈŽˆÂˆ\›ŽˆšÎ‹ËÙÚ]X‹˜ÛÛKÜÜÛœÛÜœËØÛÛ[šXÚÜÈ‚ˆBˆKˆ››ÙWÛ[Ù[\ËÞ›Ù]˜[Y][Û‹Y\œ›ÜˆŽˆÂˆ™\œÚ[ÛˆŽˆŒŒˆ‹ˆœ™\ÛÛ™YŽˆšÎ‹ËÜ™YÚ\ÝžK›œZœË›Ü™ËÞ›Ù]˜[Y][Û‹Y\œ›Ü‹ËKÞ›Ù]˜[Y][Û‹Y\œ›Ü‹MŒŒ‹Þˆ‹ˆš[YÜš]HŽˆœÚMLL‹TM‹Û–“MšžUNX‹ÍR]Œ•‘V”Z”R“ž”MÞUØÍ•‘ŒÑÒØ‹Ù]T]”[šÌÚ˜ZÙŽPÜÕÙ\ÙÚOOH‹ˆ™]ˆŽˆYKˆ›XÙ[œÙHŽˆ“RU‹ˆ™[™Ú[™\ÈŽˆÂˆ››ÙHŽˆLNŒŒ‚ˆKˆœY\‘\[™[˜ÚY\ÈŽˆÂˆž›ÙŽˆ—ŒËŒKŒŒŒ‚ˆBˆBˆBŸB